
Microsoft Visual Studio Solution File, Format Version 12.00
# Visual Studio 15
VisualStudioVersion = 15.0.28010.2016
MinimumVisualStudioVersion = 10.0.40219.1
Project("{8BC9CEB8-8B4A-11D0-8D11-00A0C91BC942}") = "PP01.HelloSDL", "PP01.HelloSDL\PP01.HelloSDL.vcxproj", "{110129E7-FA14-4709-8695-A7C2B64A91E3}"
EndProject
Project("{8BC9CEB8-8B4A-11D0-8D11-00A0C91BC942}") = "PP02.BreakUpHelloSDL", "PP02.BreakUpHelloSDL\PP02.BreakUpHelloSDL.vcxproj", "{59864E65-2900-46ED-A22C-D5363AF0B604}"
EndProject
Project("{8BC9CEB8-8B4A-11D0-8D11-00A0C91BC942}") = "PP03.GameClass", "PP03.GameClass\PP03.GameClass.vcxproj", "{9A2F596B-8145-4168-BE2C-8F203F003348}"
EndProject
Project("{8BC9CEB8-8B4A-11D0-8D11-00A0C91BC942}") = "PP04.BasicDrawing", "PP04.BasicDrawing\PP04.BasicDrawing.vcxproj", "{2D260C1A-CF96-455C-B000-A7DBFB425FCC}"
EndProject
Project("{8BC9CEB8-8B4A-11D0-8D11-00A0C91BC942}") = "PP05.AnimatingSprite", "PP05.AnimatingSprite\PP05.AnimatingSprite.vcxproj", "{AFDBEDCC-E0DE-40A3-8F45-2C25BC78B04C}"
EndProject
Project("{8BC9CEB8-8B4A-11D0-8D11-00A0C91BC942}") = "PP06.ImageSprite", "PP06.ImageSprite\PP06.ImageSprite.vcxproj", "{3BEAF8C5-2D70-4728-A8DE-40B6A0C0E58C}"
EndProject
Project("{8BC9CEB8-8B4A-11D0-8D11-00A0C91BC942}") = "PP07.TextureManager", "PP07.TextureManager\PP07.TextureManager.vcxproj", "{0AD2E900-2C43-4ECB-A51C-318C3CE6080B}"
EndProject
Project("{8BC9CEB8-8B4A-11D0-8D11-00A0C91BC942}") = "PP08.SingletonTM", "PP08.SingletonTM\PP08.SingletonTM.vcxproj", "{AA2DC444-E19A-4BB1-B3C0-CEF676978B4A}"
EndProject
Project("{8BC9CEB8-8B4A-11D0-8D11-00A0C91BC942}") = "homework", "homework\homework.vcxproj", "{6628A082-2360-497C-B775-55349980EDC1}"
EndProject
Project("{8BC9CEB8-8B4A-11D0-8D11-00A0C91BC942}") = "PP09.Inheritance", "PP09.Inheritance\PP09.Inheritance.vcxproj", "{82154619-8833-4776-9C78-DE91F0E47E35}"
EndProject
Project("{8BC9CEB8-8B4A-11D0-8D11-00A0C91BC942}") = "PP10.Polymorphism", "PP10.Polymorphism\PP10.Polymorphism.vcxproj", "{A68845AA-7FF2-4AE5-9AB2-F89907963F1D}"
EndProject
Global
	GlobalSection(SolutionConfigurationPlatforms) = preSolution
		Debug|x64 = Debug|x64
		Debug|x86 = Debug|x86
		Release|x64 = Release|x64
		Release|x86 = Release|x86
	EndGlobalSection
	GlobalSection(ProjectConfigurationPlatforms) = postSolution
		{110129E7-FA14-4709-8695-A7C2B64A91E3}.Debug|x64.ActiveCfg = Debug|x64
		{110129E7-FA14-4709-8695-A7C2B64A91E3}.Debug|x64.Build.0 = Debug|x64
		{110129E7-FA14-4709-8695-A7C2B64A91E3}.Debug|x86.ActiveCfg = Debug|Win32
		{110129E7-FA14-4709-8695-A7C2B64A91E3}.Debug|x86.Build.0 = Debug|Win32
		{110129E7-FA14-4709-8695-A7C2B64A91E3}.Release|x64.ActiveCfg = Release|x64
		{110129E7-FA14-4709-8695-A7C2B64A91E3}.Release|x64.Build.0 = Release|x64
		{110129E7-FA14-4709-8695-A7C2B64A91E3}.Release|x86.ActiveCfg = Release|Win32
		{110129E7-FA14-4709-8695-A7C2B64A91E3}.Release|x86.Build.0 = Release|Win32
		{59864E65-2900-46ED-A22C-D5363AF0B604}.Debug|x64.ActiveCfg = Debug|x64
		{59864E65-2900-46ED-A22C-D5363AF0B604}.Debug|x64.Build.0 = Debug|x64
		{59864E65-2900-46ED-A22C-D5363AF0B604}.Debug|x86.ActiveCfg = Debug|Win32
		{59864E65-2900-46ED-A22C-D5363AF0B604}.Debug|x86.Build.0 = Debug|Win32
		{59864E65-2900-46ED-A22C-D5363AF0B604}.Release|x64.ActiveCfg = Release|x64
		{59864E65-2900-46ED-A22C-D5363AF0B604}.Release|x64.Build.0 = Release|x64
		{59864E65-2900-46ED-A22C-D5363AF0B604}.Release|x86.ActiveCfg = Release|Win32
		{59864E65-2900-46ED-A22C-D5363AF0B604}.Release|x86.Build.0 = Release|Win32
		{9A2F596B-8145-4168-BE2C-8F203F003348}.Debug|x64.ActiveCfg = Debug|x64
		{9A2F596B-8145-4168-BE2C-8F203F003348}.Debug|x64.Build.0 = Debug|x64
		{9A2F596B-8145-4168-BE2C-8F203F003348}.Debug|x86.ActiveCfg = Debug|Win32
		{9A2F596B-8145-4168-BE2C-8F203F003348}.Debug|x86.Build.0 = Debug|Win32
		{9A2F596B-8145-4168-BE2C-8F203F003348}.Release|x64.ActiveCfg = Release|x64
		{9A2F596B-8145-4168-BE2C-8F203F003348}.Release|x64.Build.0 = Release|x64
		{9A2F596B-8145-4168-BE2C-8F203F003348}.Release|x86.ActiveCfg = Release|Win32
		{9A2F596B-8145-4168-BE2C-8F203F003348}.Release|x86.Build.0 = Release|Win32
		{2D260C1A-CF96-455C-B000-A7DBFB425FCC}.Debug|x64.ActiveCfg = Debug|x64
		{2D260C1A-CF96-455C-B000-A7DBFB425FCC}.Debug|x64.Build.0 = Debug|x64
		{2D260C1A-CF96-455C-B000-A7DBFB425FCC}.Debug|x86.ActiveCfg = Debug|Win32
		{2D260C1A-CF96-455C-B000-A7DBFB425FCC}.Debug|x86.Build.0 = Debug|Win32
		{2D260C1A-CF96-455C-B000-A7DBFB425FCC}.Release|x64.ActiveCfg = Release|x64
		{2D260C1A-CF96-455C-B000-A7DBFB425FCC}.Release|x64.Build.0 = Release|x64
		{2D260C1A-CF96-455C-B000-A7DBFB425FCC}.Release|x86.ActiveCfg = Release|Win32
		{2D260C1A-CF96-455C-B000-A7DBFB425FCC}.Release|x86.Build.0 = Release|Win32
		{AFDBEDCC-E0DE-40A3-8F45-2C25BC78B04C}.Debug|x64.ActiveCfg = Debug|x64
		{AFDBEDCC-E0DE-40A3-8F45-2C25BC78B04C}.Debug|x64.Build.0 = Debug|x64
		{AFDBEDCC-E0DE-40A3-8F45-2C25BC78B04C}.Debug|x86.ActiveCfg = Debug|Win32
		{AFDBEDCC-E0DE-40A3-8F45-2C25BC78B04C}.Debug|x86.Build.0 = Debug|Win32
		{AFDBEDCC-E0DE-40A3-8F45-2C25BC78B04C}.Release|x64.ActiveCfg = Release|x64
		{AFDBEDCC-E0DE-40A3-8F45-2C25BC78B04C}.Release|x64.Build.0 = Release|x64
		{AFDBEDCC-E0DE-40A3-8F45-2C25BC78B04C}.Release|x86.ActiveCfg = Release|Win32
		{AFDBEDCC-E0DE-40A3-8F45-2C25BC78B04C}.Release|x86.Build.0 = Release|Win32
		{3BEAF8C5-2D70-4728-A8DE-40B6A0C0E58C}.Debug|x64.ActiveCfg = Debug|x64
		{3BEAF8C5-2D70-4728-A8DE-40B6A0C0E58C}.Debug|x64.Build.0 = Debug|x64
		{3BEAF8C5-2D70-4728-A8DE-40B6A0C0E58C}.Debug|x86.ActiveCfg = Debug|Win32
		{3BEAF8C5-2D70-4728-A8DE-40B6A0C0E58C}.Debug|x86.Build.0 = Debug|Win32
		{3BEAF8C5-2D70-4728-A8DE-40B6A0C0E58C}.Release|x64.ActiveCfg = Release|x64
		{3BEAF8C5-2D70-4728-A8DE-40B6A0C0E58C}.Release|x64.Build.0 = Release|x64
		{3BEAF8C5-2D70-4728-A8DE-40B6A0C0E58C}.Release|x86.ActiveCfg = Release|Win32
		{3BEAF8C5-2D70-4728-A8DE-40B6A0C0E58C}.Release|x86.Build.0 = Release|Win32
		{0AD2E900-2C43-4ECB-A51C-318C3CE6080B}.Debug|x64.ActiveCfg = Debug|x64
		{0AD2E900-2C43-4ECB-A51C-318C3CE6080B}.Debug|x64.Build.0 = Debug|x64
		{0AD2E900-2C43-4ECB-A51C-318C3CE6080B}.Debug|x86.ActiveCfg = Debug|Win32
		{0AD2E900-2C43-4ECB-A51C-318C3CE6080B}.Debug|x86.Build.0 = Debug|Win32
		{0AD2E900-2C43-4ECB-A51C-318C3CE6080B}.Release|x64.ActiveCfg = Release|x64
		{0AD2E900-2C43-4ECB-A51C-318C3CE6080B}.Release|x64.Build.0 = Release|x64
		{0AD2E900-2C43-4ECB-A51C-318C3CE6080B}.Release|x86.ActiveCfg = Release|Win32
		{0AD2E900-2C43-4ECB-A51C-318C3CE6080B}.Release|x86.Build.0 = Release|Win32
		{AA2DC444-E19A-4BB1-B3C0-CEF676978B4A}.Debug|x64.ActiveCfg = Debug|x64
		{AA2DC444-E19A-4BB1-B3C0-CEF676978B4A}.Debug|x64.Build.0 = Debug|x64
		{AA2DC444-E19A-4BB1-B3C0-CEF676978B4A}.Debug|x86.ActiveCfg = Debug|Win32
		{AA2DC444-E19A-4BB1-B3C0-CEF676978B4A}.Debug|x86.Build.0 = Debug|Win32
		{AA2DC444-E19A-4BB1-B3C0-CEF676978B4A}.Release|x64.ActiveCfg = Release|x64
		{AA2DC444-E19A-4BB1-B3C0-CEF676978B4A}.Release|x64.Build.0 = Release|x64
		{AA2DC444-E19A-4BB1-B3C0-CEF676978B4A}.Release|x86.ActiveCfg = Release|Win32
		{AA2DC444-E19A-4BB1-B3C0-CEF676978B4A}.Release|x86.Build.0 = Release|Win32
		{6628A082-2360-497C-B775-55349980EDC1}.Debug|x64.ActiveCfg = Debug|x64
		{6628A082-2360-497C-B775-55349980EDC1}.Debug|x64.Build.0 = Debug|x64
		{6628A082-2360-497C-B775-55349980EDC1}.Debug|x86.ActiveCfg = Debug|Win32
		{6628A082-2360-497C-B775-55349980EDC1}.Debug|x86.Build.0 = Debug|Win32
		{6628A082-2360-497C-B775-55349980EDC1}.Release|x64.ActiveCfg = Release|x64
		{6628A082-2360-497C-B775-55349980EDC1}.Release|x64.Build.0 = Release|x64
		{6628A082-2360-497C-B775-55349980EDC1}.Release|x86.ActiveCfg = Release|Win32
		{6628A082-2360-497C-B775-55349980EDC1}.Release|x86.Build.0 = Release|Win32
		{82154619-8833-4776-9C78-DE91F0E47E35}.Debug|x64.ActiveCfg = Debug|x64
		{82154619-8833-4776-9C78-DE91F0E47E35}.Debug|x64.Build.0 = Debug|x64
		{82154619-8833-4776-9C78-DE91F0E47E35}.Debug|x86.ActiveCfg = Debug|Win32
		{82154619-8833-4776-9C78-DE91F0E47E35}.Debug|x86.Build.0 = Debug|Win32
		{82154619-8833-4776-9C78-DE91F0E47E35}.Release|x64.ActiveCfg = Release|x64
		{82154619-8833-4776-9C78-DE91F0E47E35}.Release|x64.Build.0 = Release|x64
		{82154619-8833-4776-9C78-DE91F0E47E35}.Release|x86.ActiveCfg = Release|Win32
		{82154619-8833-4776-9C78-DE91F0E47E35}.Release|x86.Build.0 = Release|Win32
		{A68845AA-7FF2-4AE5-9AB2-F89907963F1D}.Debug|x64.ActiveCfg = Debug|x64
		{A68845AA-7FF2-4AE5-9AB2-F89907963F1D}.Debug|x64.Build.0 = Debug|x64
		{A68845AA-7FF2-4AE5-9AB2-F89907963F1D}.Debug|x86.ActiveCfg = Debug|Win32
		{A68845AA-7FF2-4AE5-9AB2-F89907963F1D}.Debug|x86.Build.0 = Debug|Win32
		{A68845AA-7FF2-4AE5-9AB2-F89907963F1D}.Release|x64.ActiveCfg = Release|x64
		{A68845AA-7FF2-4AE5-9AB2-F89907963F1D}.Release|x64.Build.0 = Release|x64
		{A68845AA-7FF2-4AE5-9AB2-F89907963F1D}.Release|x86.ActiveCfg = Release|Win32
		{A68845AA-7FF2-4AE5-9AB2-F89907963F1D}.Release|x86.Build.0 = Release|Win32
	EndGlobalSection
	GlobalSection(SolutionProperties) = preSolution
		HideSolutionNode = FALSE
	EndGlobalSection
	GlobalSection(ExtensibilityGlobals) = postSolution
		SolutionGuid = {020B4801-FA1B-460B-B81D-18BB0FF486BC}
	EndGlobalSection
EndGlobal
